
Microsoft Visual Studio Solution File, Format Version 12.00
# Visual Studio 14
VisualStudioVersion = 14.0.22823.1
MinimumVisualStudioVersion = 10.0.40219.1
Project("{FAE04EC0-301F-11D3-BF4B-00C04F79EFBC}") = "NTIS_receiver", "NTIS_receiver\NTIS_receiver.csproj", "{352D8585-4A6B-43A2-BAA5-8F21C735A18E}"
EndProject
Global
	GlobalSection(SolutionConfigurationPlatforms) = preSolution
		Debug|Any CPU = Debug|Any CPU
		Release|Any CPU = Release|Any CPU
	EndGlobalSection
	GlobalSection(ProjectConfigurationPlatforms) = postSolution
		{352D8585-4A6B-43A2-BAA5-8F21C735A18E}.Debug|Any CPU.ActiveCfg = Debug|Any CPU
		{352D8585-4A6B-43A2-BAA5-8F21C735A18E}.Debug|Any CPU.Build.0 = Debug|Any CPU
		{352D8585-4A6B-43A2-BAA5-8F21C735A18E}.Release|Any CPU.ActiveCfg = Release|Any CPU
		{352D8585-4A6B-43A2-BAA5-8F21C735A18E}.Release|Any CPU.Build.0 = Release|Any CPU
	EndGlobalSection
	GlobalSection(SolutionProperties) = preSolution
		HideSolutionNode = FALSE
	EndGlobalSection
EndGlobal
